
Microsoft Visual Studio Solution File, Format Version 12.00
# Visual Studio 15
VisualStudioVersion = 15.0.26430.12
MinimumVisualStudioVersion = 10.0.40219.1
Project("{FAE04EC0-301F-11D3-BF4B-00C04F79EFBC}") = "SSHomeProject", "SSHomeProject\SSHomeProject.csproj", "{2E6640F4-183A-4B5F-95F9-1419DBBA2136}"
	ProjectSection(ProjectDependencies) = postProject
		{2A670555-2221-4005-873F-F9D2B4BF3CBE} = {2A670555-2221-4005-873F-F9D2B4BF3CBE}
		{0ABEC8FF-085B-4278-BA17-DFD4DEBA08B5} = {0ABEC8FF-085B-4278-BA17-DFD4DEBA08B5}
	EndProjectSection
EndProject
Project("{2150E333-8FDC-42A3-9474-1A3956D46DE8}") = "DataLayer", "DataLayer", "{84A4C43A-73D4-4C83-A36E-AF5FFAF7C59F}"
EndProject
Project("{2150E333-8FDC-42A3-9474-1A3956D46DE8}") = "BusinessLayer", "BusinessLayer", "{DD239378-C64E-4FA1-AFC5-4D13320D9D9E}"
EndProject
Project("{2150E333-8FDC-42A3-9474-1A3956D46DE8}") = "PresentationLayer", "PresentationLayer", "{22287DDA-FA84-4CD1-A3D6-BD0C4F773755}"
EndProject
Project("{FAE04EC0-301F-11D3-BF4B-00C04F79EFBC}") = "SSHomeRepository", "SSHomeRepository\SSHomeRepository.csproj", "{1C2E84DE-E1BC-4AA5-96E2-BA03A9E36C80}"
EndProject
Project("{FAE04EC0-301F-11D3-BF4B-00C04F79EFBC}") = "SSHomeRepositoryTypes", "SSHomeRepositoryTypes\SSHomeRepositoryTypes.csproj", "{CDA22857-4F9A-4D02-B40D-15C3244740B0}"
EndProject
Project("{FAE04EC0-301F-11D3-BF4B-00C04F79EFBC}") = "SSHomeRepositoryFactory", "SSHomeRepositoryFactory\SSHomeRepositoryFactory.csproj", "{747C0C77-0FB8-4A8B-9AF6-FFC71F846EBD}"
EndProject
Project("{FAE04EC0-301F-11D3-BF4B-00C04F79EFBC}") = "BusinessValidation", "BusinessValidation\BusinessValidation.csproj", "{2A670555-2221-4005-873F-F9D2B4BF3CBE}"
	ProjectSection(ProjectDependencies) = postProject
		{CDA22857-4F9A-4D02-B40D-15C3244740B0} = {CDA22857-4F9A-4D02-B40D-15C3244740B0}
		{747C0C77-0FB8-4A8B-9AF6-FFC71F846EBD} = {747C0C77-0FB8-4A8B-9AF6-FFC71F846EBD}
		{77A8379D-0D58-467E-9EC3-71528249631E} = {77A8379D-0D58-467E-9EC3-71528249631E}
		{AA6072C0-DD53-4B25-A865-89E72D5E0AB4} = {AA6072C0-DD53-4B25-A865-89E72D5E0AB4}
	EndProjectSection
EndProject
Project("{FAE04EC0-301F-11D3-BF4B-00C04F79EFBC}") = "SSHomeBusinessLayer", "SSHomeBusinessLayer\SSHomeBusinessLayer.csproj", "{0ABEC8FF-085B-4278-BA17-DFD4DEBA08B5}"
EndProject
Project("{FAE04EC0-301F-11D3-BF4B-00C04F79EFBC}") = "SSHomeBusinessLayerTypes", "SSHomeBusinessLayerTypes\SSHomeBusinessLayerTypes.csproj", "{EB5AE3A1-3CB1-4609-9487-2DD7FD674702}"
	ProjectSection(ProjectDependencies) = postProject
		{77A8379D-0D58-467E-9EC3-71528249631E} = {77A8379D-0D58-467E-9EC3-71528249631E}
		{AA6072C0-DD53-4B25-A865-89E72D5E0AB4} = {AA6072C0-DD53-4B25-A865-89E72D5E0AB4}
	EndProjectSection
EndProject
Project("{FAE04EC0-301F-11D3-BF4B-00C04F79EFBC}") = "SSHomeDataModel", "SSHomeDataModel\SSHomeDataModel.csproj", "{77A8379D-0D58-467E-9EC3-71528249631E}"
EndProject
Project("{FAE04EC0-301F-11D3-BF4B-00C04F79EFBC}") = "SSHomeCommon", "SSHomeCommon\SSHomeCommon.csproj", "{AA6072C0-DD53-4B25-A865-89E72D5E0AB4}"
EndProject
Global
	GlobalSection(SolutionConfigurationPlatforms) = preSolution
		Debug|Any CPU = Debug|Any CPU
		Release|Any CPU = Release|Any CPU
	EndGlobalSection
	GlobalSection(ProjectConfigurationPlatforms) = postSolution
		{2E6640F4-183A-4B5F-95F9-1419DBBA2136}.Debug|Any CPU.ActiveCfg = Debug|Any CPU
		{2E6640F4-183A-4B5F-95F9-1419DBBA2136}.Debug|Any CPU.Build.0 = Debug|Any CPU
		{2E6640F4-183A-4B5F-95F9-1419DBBA2136}.Release|Any CPU.ActiveCfg = Release|Any CPU
		{2E6640F4-183A-4B5F-95F9-1419DBBA2136}.Release|Any CPU.Build.0 = Release|Any CPU
		{1C2E84DE-E1BC-4AA5-96E2-BA03A9E36C80}.Debug|Any CPU.ActiveCfg = Debug|Any CPU
		{1C2E84DE-E1BC-4AA5-96E2-BA03A9E36C80}.Debug|Any CPU.Build.0 = Debug|Any CPU
		{1C2E84DE-E1BC-4AA5-96E2-BA03A9E36C80}.Release|Any CPU.ActiveCfg = Release|Any CPU
		{1C2E84DE-E1BC-4AA5-96E2-BA03A9E36C80}.Release|Any CPU.Build.0 = Release|Any CPU
		{CDA22857-4F9A-4D02-B40D-15C3244740B0}.Debug|Any CPU.ActiveCfg = Debug|Any CPU
		{CDA22857-4F9A-4D02-B40D-15C3244740B0}.Debug|Any CPU.Build.0 = Debug|Any CPU
		{CDA22857-4F9A-4D02-B40D-15C3244740B0}.Release|Any CPU.ActiveCfg = Release|Any CPU
		{CDA22857-4F9A-4D02-B40D-15C3244740B0}.Release|Any CPU.Build.0 = Release|Any CPU
		{747C0C77-0FB8-4A8B-9AF6-FFC71F846EBD}.Debug|Any CPU.ActiveCfg = Debug|Any CPU
		{747C0C77-0FB8-4A8B-9AF6-FFC71F846EBD}.Debug|Any CPU.Build.0 = Debug|Any CPU
		{747C0C77-0FB8-4A8B-9AF6-FFC71F846EBD}.Release|Any CPU.ActiveCfg = Release|Any CPU
		{747C0C77-0FB8-4A8B-9AF6-FFC71F846EBD}.Release|Any CPU.Build.0 = Release|Any CPU
		{2A670555-2221-4005-873F-F9D2B4BF3CBE}.Debug|Any CPU.ActiveCfg = Debug|Any CPU
		{2A670555-2221-4005-873F-F9D2B4BF3CBE}.Debug|Any CPU.Build.0 = Debug|Any CPU
		{2A670555-2221-4005-873F-F9D2B4BF3CBE}.Release|Any CPU.ActiveCfg = Release|Any CPU
		{2A670555-2221-4005-873F-F9D2B4BF3CBE}.Release|Any CPU.Build.0 = Release|Any CPU
		{0ABEC8FF-085B-4278-BA17-DFD4DEBA08B5}.Debug|Any CPU.ActiveCfg = Debug|Any CPU
		{0ABEC8FF-085B-4278-BA17-DFD4DEBA08B5}.Debug|Any CPU.Build.0 = Debug|Any CPU
		{0ABEC8FF-085B-4278-BA17-DFD4DEBA08B5}.Release|Any CPU.ActiveCfg = Release|Any CPU
		{0ABEC8FF-085B-4278-BA17-DFD4DEBA08B5}.Release|Any CPU.Build.0 = Release|Any CPU
		{EB5AE3A1-3CB1-4609-9487-2DD7FD674702}.Debug|Any CPU.ActiveCfg = Debug|Any CPU
		{EB5AE3A1-3CB1-4609-9487-2DD7FD674702}.Debug|Any CPU.Build.0 = Debug|Any CPU
		{EB5AE3A1-3CB1-4609-9487-2DD7FD674702}.Release|Any CPU.ActiveCfg = Release|Any CPU
		{EB5AE3A1-3CB1-4609-9487-2DD7FD674702}.Release|Any CPU.Build.0 = Release|Any CPU
		{77A8379D-0D58-467E-9EC3-71528249631E}.Debug|Any CPU.ActiveCfg = Debug|Any CPU
		{77A8379D-0D58-467E-9EC3-71528249631E}.Debug|Any CPU.Build.0 = Debug|Any CPU
		{77A8379D-0D58-467E-9EC3-71528249631E}.Release|Any CPU.ActiveCfg = Release|Any CPU
		{77A8379D-0D58-467E-9EC3-71528249631E}.Release|Any CPU.Build.0 = Release|Any CPU
		{AA6072C0-DD53-4B25-A865-89E72D5E0AB4}.Debug|Any CPU.ActiveCfg = Debug|Any CPU
		{AA6072C0-DD53-4B25-A865-89E72D5E0AB4}.Debug|Any CPU.Build.0 = Debug|Any CPU
		{AA6072C0-DD53-4B25-A865-89E72D5E0AB4}.Release|Any CPU.ActiveCfg = Release|Any CPU
		{AA6072C0-DD53-4B25-A865-89E72D5E0AB4}.Release|Any CPU.Build.0 = Release|Any CPU
	EndGlobalSection
	GlobalSection(SolutionProperties) = preSolution
		HideSolutionNode = FALSE
	EndGlobalSection
	GlobalSection(NestedProjects) = preSolution
		{2E6640F4-183A-4B5F-95F9-1419DBBA2136} = {22287DDA-FA84-4CD1-A3D6-BD0C4F773755}
		{1C2E84DE-E1BC-4AA5-96E2-BA03A9E36C80} = {84A4C43A-73D4-4C83-A36E-AF5FFAF7C59F}
		{CDA22857-4F9A-4D02-B40D-15C3244740B0} = {84A4C43A-73D4-4C83-A36E-AF5FFAF7C59F}
		{747C0C77-0FB8-4A8B-9AF6-FFC71F846EBD} = {84A4C43A-73D4-4C83-A36E-AF5FFAF7C59F}
		{2A670555-2221-4005-873F-F9D2B4BF3CBE} = {DD239378-C64E-4FA1-AFC5-4D13320D9D9E}
		{0ABEC8FF-085B-4278-BA17-DFD4DEBA08B5} = {DD239378-C64E-4FA1-AFC5-4D13320D9D9E}
		{EB5AE3A1-3CB1-4609-9487-2DD7FD674702} = {DD239378-C64E-4FA1-AFC5-4D13320D9D9E}
	EndGlobalSection
EndGlobal
